// !$*UTF8*$!
{
	archiveVersion = 1;
	classes = {
	};
	objectVersion = 46;
	objects = {

/* Begin PBXBuildFile section */
		FDEF01EF1BF5D4E10001F110 /* AppDelegate.swift in Sources */ = {isa = PBXBuildFile; fileRef = FDEF01EE1BF5D4E10001F110 /* AppDelegate.swift */; };
		FDEF01F41BF5D4E10001F110 /* Main.storyboard in Resources */ = {isa = PBXBuildFile; fileRef = FDEF01F21BF5D4E10001F110 /* Main.storyboard */; };
		FDEF01F61BF5D4E10001F110 /* Assets.xcassets in Resources */ = {isa = PBXBuildFile; fileRef = FDEF01F51BF5D4E10001F110 /* Assets.xcassets */; };
		FDEF01F91BF5D4E10001F110 /* LaunchScreen.storyboard in Resources */ = {isa = PBXBuildFile; fileRef = FDEF01F71BF5D4E10001F110 /* LaunchScreen.storyboard */; };
		FDEF02021BF5D51A0001F110 /* UIViewRefactorAndDestructExtension.swift in Sources */ = {isa = PBXBuildFile; fileRef = FDEF02001BF5D51A0001F110 /* UIViewRefactorAndDestructExtension.swift */; };
		FDEF02031BF5D51A0001F110 /* SDEFlowLayoutWithAnimation.swift in Sources */ = {isa = PBXBuildFile; fileRef = FDEF02011BF5D51A0001F110 /* SDEFlowLayoutWithAnimation.swift */; };
		FDEF02051BF5D53E0001F110 /* CollectionViewController.swift in Sources */ = {isa = PBXBuildFile; fileRef = FDEF02041BF5D53E0001F110 /* CollectionViewController.swift */; };
/* End PBXBuildFile section */

/* Begin PBXFileReference section */
		FDEF01EB1BF5D4E10001F110 /* CollectionViewAnimationSample.app */ = {isa = PBXFileReference; explicitFileType = wrapper.application; includeInIndex = 0; path = CollectionViewAnimationSample.app; sourceTree = BUILT_PRODUCTS_DIR; };
		FDEF01EE1BF5D4E10001F110 /* AppDelegate.swift */ = {isa = PBXFileReference; lastKnownFileType = sourcecode.swift; path = AppDelegate.swift; sourceTree = "<group>"; };
		FDEF01F31BF5D4E10001F110 /* Base */ = {isa = PBXFileReference; lastKnownFileType = file.storyboard; name = Base; path = Base.lproj/Main.storyboard; sourceTree = "<group>"; };
		FDEF01F51BF5D4E10001F110 /* Assets.xcassets */ = {isa = PBXFileReference; lastKnownFileType = folder.assetcatalog; path = Assets.xcassets; sourceTree = "<group>"; };
		FDEF01F81BF5D4E10001F110 /* Base */ = {isa = PBXFileReference; lastKnownFileType = file.storyboard; name = Base; path = Base.lproj/LaunchScreen.storyboard; sourceTree = "<group>"; };
		FDEF01FA1BF5D4E10001F110 /* Info.plist */ = {isa = PBXFileReference; lastKnownFileType = text.plist.xml; path = Info.plist; sourceTree = "<group>"; };
		FDEF02001BF5D51A0001F110 /* UIViewRefactorAndDestructExtension.swift */ = {isa = PBXFileReference; fileEncoding = 4; lastKnownFileType = sourcecode.swift; path = UIViewRefactorAndDestructExtension.swift; sourceTree = "<group>"; };
		FDEF02011BF5D51A0001F110 /* SDEFlowLayoutWithAnimation.swift */ = {isa = PBXFileReference; fileEncoding = 4; lastKnownFileType = sourcecode.swift; path = SDEFlowLayoutWithAnimation.swift; sourceTree = "<group>"; };
		FDEF02041BF5D53E0001F110 /* CollectionViewController.swift */ = {isa = PBXFileReference; fileEncoding = 4; lastKnownFileType = sourcecode.swift; path = CollectionViewController.swift; sourceTree = "<group>"; };
/* End PBXFileReference section */

/* Begin PBXFrameworksBuildPhase section */
		FDEF01E81BF5D4E10001F110 /* Frameworks */ = {
			isa = PBXFrameworksBuildPhase;
			buildActionMask = 2147483647;
			files = (
			);
			runOnlyForDeploymentPostprocessing = 0;
		};
/* End PBXFrameworksBuildPhase section */

/* Begin PBXGroup section */
		FDEF01E21BF5D4E10001F110 = {
			isa = PBXGroup;
			children = (
				FDEF01ED1BF5D4E10001F110 /* CollectionViewAnimationSample */,
				FDEF01EC1BF5D4E10001F110 /* Products */,
			);
			sourceTree = "<group>";
		};
		FDEF01EC1BF5D4E10001F110 /* Products */ = {
			isa = PBXGroup;
			children = (
				FDEF01EB1BF5D4E10001F110 /* CollectionViewAnimationSample.app */,
			);
			name = Products;
			sourceTree = "<group>";
		};
		FDEF01ED1BF5D4E10001F110 /* CollectionViewAnimationSample */ = {
			isa = PBXGroup;
			children = (
				FDEF01EE1BF5D4E10001F110 /* AppDelegate.swift */,
				FDEF02001BF5D51A0001F110 /* UIViewRefactorAndDestructExtension.swift */,
				FDEF02041BF5D53E0001F110 /* CollectionViewController.swift */,
				FDEF02011BF5D51A0001F110 /* SDEFlowLayoutWithAnimation.swift */,
				FDEF01F21BF5D4E10001F110 /* Main.storyboard */,
				FDEF01F51BF5D4E10001F110 /* Assets.xcassets */,
				FDEF01F71BF5D4E10001F110 /* LaunchScreen.storyboard */,
				FDEF01FA1BF5D4E10001F110 /* Info.plist */,
			);
			path = CollectionViewAnimationSample;
			sourceTree = "<group>";
		};
/* End PBXGroup section */

/* Begin PBXNativeTarget section */
		FDEF01EA1BF5D4E10001F110 /* CollectionViewAnimationSample */ = {
			isa = PBXNativeTarget;
			buildConfigurationList = FDEF01FD1BF5D4E10001F110 /* Build configuration list for PBXNativeTarget "CollectionViewAnimationSample" */;
			buildPhases = (
				FDEF01E71BF5D4E10001F110 /* Sources */,
				FDEF01E81BF5D4E10001F110 /* Frameworks */,
				FDEF01E91BF5D4E10001F110 /* Resources */,
			);
			buildRules = (
			);
			dependencies = (
			);
			name = CollectionViewAnimationSample;
			productName = CollectionViewAnimationSample;
			productReference = FDEF01EB1BF5D4E10001F110 /* CollectionViewAnimationSample.app */;
			productType = "com.apple.product-type.application";
		};
/* End PBXNativeTarget section */

/* Begin PBXProject section */
		FDEF01E31BF5D4E10001F110 /* Project object */ = {
			isa = PBXProject;
			attributes = {
				LastSwiftUpdateCheck = 0710;
				LastUpgradeCheck = 0710;
				ORGANIZATIONNAME = seedante;
				TargetAttributes = {
					FDEF01EA1BF5D4E10001F110 = {
						CreatedOnToolsVersion = 7.1.1;
					};
				};
			};
			buildConfigurationList = FDEF01E61BF5D4E10001F110 /* Build configuration list for PBXProject "CollectionViewAnimationSample" */;
			compatibilityVersion = "Xcode 3.2";
			developmentRegion = English;
			hasScannedForEncodings = 0;
			knownRegions = (
				en,
				Base,
			);
			mainGroup = FDEF01E21BF5D4E10001F110;
			productRefGroup = FDEF01EC1BF5D4E10001F110 /* Products */;
			projectDirPath = "";
			projectRoot = "";
			targets = (
				FDEF01EA1BF5D4E10001F110 /* CollectionViewAnimationSample */,
			);
		};
/* End PBXProject section */

/* Begin PBXResourcesBuildPhase section */
		FDEF01E91BF5D4E10001F110 /* Resources */ = {
			isa = PBXResourcesBuildPhase;
			buildActionMask = 2147483647;
			files = (
				FDEF01F91BF5D4E10001F110 /* LaunchScreen.storyboard in Resources */,
				FDEF01F61BF5D4E10001F110 /* Assets.xcassets in Resources */,
				FDEF01F41BF5D4E10001F110 /* Main.storyboard in Resources */,
			);
			runOnlyForDeploymentPostprocessing = 0;
		};
/* End PBXResourcesBuildPhase section */

/* Begin PBXSourcesBuildPhase section */
		FDEF01E71BF5D4E10001F110 /* Sources */ = {
			isa = PBXSourcesBuildPhase;
			buildActionMask = 2147483647;
			files = (
				FDEF02051BF5D53E0001F110 /* CollectionViewController.swift in Sources */,
				FDEF02021BF5D51A0001F110 /* UIViewRefactorAndDestructExtension.swift in Sources */,
				FDEF02031BF5D51A0001F110 /* SDEFlowLayoutWithAnimation.swift in Sources */,
				FDEF01EF1BF5D4E10001F110 /* AppDelegate.swift in Sources */,
			);
			runOnlyForDeploymentPostprocessing = 0;
		};
/* End PBXSourcesBuildPhase section */

/* Begin PBXVariantGroup section */
		FDEF01F21BF5D4E10001F110 /* Main.storyboard */ = {
			isa = PBXVariantGroup;
			children = (
				FDEF01F31BF5D4E10001F110 /* Base */,
			);
			name = Main.storyboard;
			sourceTree = "<group>";
		};
		FDEF01F71BF5D4E10001F110 /* LaunchScreen.storyboard */ = {
			isa = PBXVariantGroup;
			children = (
				FDEF01F81BF5D4E10001F110 /* Base */,
			);
			name = LaunchScreen.storyboard;
			sourceTree = "<group>";
		};
/* End PBXVariantGroup section */

/* Begin XCBuildConfiguration section */
		FDEF01FB1BF5D4E10001F110 /* Debug */ = {
			isa = XCBuildConfiguration;
			buildSettings = {
				ALWAYS_SEARCH_USER_PATHS = NO;
				CLANG_CXX_LANGUAGE_STANDARD = "gnu++0x";
				CLANG_CXX_LIBRARY = "libc++";
				CLANG_ENABLE_MODULES = YES;
				CLANG_ENABLE_OBJC_ARC = YES;
				CLANG_WARN_BOOL_CONVERSION = YES;
				CLANG_WARN_CONSTANT_CONVERSION = YES;
				CLANG_WARN_DIRECT_OBJC_ISA_USAGE = YES_ERROR;
				CLANG_WARN_EMPTY_BODY = YES;
				CLANG_WARN_ENUM_CONVERSION = YES;
				CLANG_WARN_INT_CONVERSION = YES;
				CLANG_WARN_OBJC_ROOT_CLASS = YES_ERROR;
				CLANG_WARN_UNREACHABLE_CODE = YES;
				CLANG_WARN__DUPLICATE_METHOD_MATCH = YES;
				"CODE_SIGN_IDENTITY[sdk=iphoneos*]" = "iPhone Developer";
				COPY_PHASE_STRIP = NO;
				DEBUG_INFORMATION_FORMAT = dwarf;
				ENABLE_STRICT_OBJC_MSGSEND = YES;
				ENABLE_TESTABILITY = YES;
				GCC_C_LANGUAGE_STANDARD = gnu99;
				GCC_DYNAMIC_NO_PIC = NO;
				GCC_NO_COMMON_BLOCKS = YES;
				GCC_OPTIMIZATION_LEVEL = 0;
				GCC_PREPROCESSOR_DEFINITIONS = (
					"DEBUG=1",
					"$(inherited)",
				);
				GCC_WARN_64_TO_32_BIT_CONVERSION = YES;
				GCC_WARN_ABOUT_RETURN_TYPE = YES_ERROR;
				GCC_WARN_UNDECLARED_SELECTOR = YES;
				GCC_WARN_UNINITIALIZED_AUTOS = YES_AGGRESSIVE;
				GCC_WARN_UNUSED_FUNCTION = YES;
				GCC_WARN_UNUSED_VARIABLE = YES;
				IPHONEOS_DEPLOYMENT_TARGET = 9.1;
				MTL_ENABLE_DEBUG_INFO = YES;
				ONLY_ACTIVE_ARCH = YES;
				SDKROOT = iphoneos;
				SWIFT_OPTIMIZATION_LEVEL = "-Onone";
				TARGETED_DEVICE_FAMILY = "1,2";
			};
			name = Debug;
		};
		FDEF01FC1BF5D4E10001F110 /* Release */ = {
			isa = XCBuildConfiguration;
			buildSettings = {
				ALWAYS_SEARCH_USER_PATHS = NO;
				CLANG_CXX_LANGUAGE_STANDARD = "gnu++0x";
				CLANG_CXX_LIBRARY = "libc++";
				CLANG_ENABLE_MODULES = YES;
				CLANG_ENABLE_OBJC_ARC = YES;
				CLANG_WARN_BOOL_CONVERSION = YES;
				CLANG_WARN_CONSTANT_CONVERSION = YES;
				CLANG_WARN_DIRECT_OBJC_ISA_USAGE = YES_ERROR;
				CLANG_WARN_EMPTY_BODY = YES;
				CLANG_WARN_ENUM_CONVERSION = YES;
				CLANG_WARN_INT_CONVERSION = YES;
				CLANG_WARN_OBJC_ROOT_CLASS = YES_ERROR;
				CLANG_WARN_UNREACHABLE_CODE = YES;
				CLANG_WARN__DUPLICATE_METHOD_MATCH = YES;
				"CODE_SIGN_IDENTITY[sdk=iphoneos*]" = "iPhone Developer";
				COPY_PHASE_STRIP = NO;
				DEBUG_INFORMATION_FORMAT = "dwarf-with-dsym";
				ENABLE_NS_ASSERTIONS = NO;
				ENABLE_STRICT_OBJC_MSGSEND = YES;
				GCC_C_LANGUAGE_STANDARD = gnu99;
				GCC_NO_COMMON_BLOCKS = YES;
				GCC_WARN_64_TO_32_BIT_CONVERSION = YES;
				GCC_WARN_ABOUT_RETURN_TYPE = YES_ERROR;
				GCC_WARN_UNDECLARED_SELECTOR = YES;
				GCC_WARN_UNINITIALIZED_AUTOS = YES_AGGRESSIVE;
				GCC_WARN_UNUSED_FUNCTION = YES;
				GCC_WARN_UNUSED_VARIABLE = YES;
				IPHONEOS_DEPLOYMENT_TARGET = 9.1;
				MTL_ENABLE_DEBUG_INFO = NO;
				SDKROOT = iphoneos;
				TARGETED_DEVICE_FAMILY = "1,2";
				VALIDATE_PRODUCT = YES;
			};
			name = Release;
		};
		FDEF01FE1BF5D4E10001F110 /* Debug */ = {
			isa = XCBuildConfiguration;
			buildSettings = {
				ASSETCATALOG_COMPILER_APPICON_NAME = AppIcon;
				INFOPLIST_FILE = CollectionViewAnimationSample/Info.plist;
				IPHONEOS_DEPLOYMENT_TARGET = 8.0;
				LD_RUNPATH_SEARCH_PATHS = "$(inherited) @executable_path/Frameworks";
				PRODUCT_BUNDLE_IDENTIFIER = seedante.CollectionViewAnimationSample;
				PRODUCT_NAME = "$(TARGET_NAME)";
			};
			name = Debug;
		};
		FDEF01FF1BF5D4E10001F110 /* Release */ = {
			isa = XCBuildConfiguration;
			buildSettings = {
				ASSETCATALOG_COMPILER_APPICON_NAME = AppIcon;
				INFOPLIST_FILE = CollectionViewAnimationSample/Info.plist;
				IPHONEOS_DEPLOYMENT_TARGET = 8.0;
				LD_RUNPATH_SEARCH_PATHS = "$(inherited) @executable_path/Frameworks";
				PRODUCT_BUNDLE_IDENTIFIER = seedante.CollectionViewAnimationSample;
				PRODUCT_NAME = "$(TARGET_NAME)";
			};
			name = Release;
		};
/* End XCBuildConfiguration section */

/* Begin XCConfigurationList section */
		FDEF01E61BF5D4E10001F110 /* Build configuration list for PBXProject "CollectionViewAnimationSample" */ = {
			isa = XCConfigurationList;
			buildConfigurations = (
				FDEF01FB1BF5D4E10001F110 /* Debug */,
				FDEF01FC1BF5D4E10001F110 /* Release */,
			);
			defaultConfigurationIsVisible = 0;
			defaultConfigurationName = Release;
		};
		FDEF01FD1BF5D4E10001F110 /* Build configuration list for PBXNativeTarget "CollectionViewAnimationSample" */ = {
			isa = XCConfigurationList;
			buildConfigurations = (
				FDEF01FE1BF5D4E10001F110 /* Debug */,
				FDEF01FF1BF5D4E10001F110 /* Release */,
			);
			defaultConfigurationIsVisible = 0;
			defaultConfigurationName = Release;
		};
/* End XCConfigurationList section */
	};
	rootObject = FDEF01E31BF5D4E10001F110 /* Project object */;
}
